Microsoft Visual Studio Solution File, Format Version 10.00
# Visual Studio 2008
Project("{8BC9CEB8-8B4A-11D0-8D11-00A0C91BC942}") = "LLGEN", "LLGEN\LLGEN.vcproj", "{CC650E07-87B4-4CB6-AC8C-1A5CB083E4F0}"
	ProjectSection(ProjectDependencies) = postProject
		{FB00B643-69E9-4DD0-B9B0-BC0E80F3F24B} = {FB00B643-69E9-4DD0-B9B0-BC0E80F3F24B}
		{3D6988C7-58B2-4E1E-8478-97F279165C25} = {3D6988C7-58B2-4E1E-8478-97F279165C25}
	EndProjectSection
EndProject
Project("{8BC9CEB8-8B4A-11D0-8D11-00A0C91BC942}") = "CPPParser", "CPPParser\CPPParser.vcproj", "{1BB1F42F-8F72-425C-842C-155FB3C97AD5}"
	ProjectSection(ProjectDependencies) = postProject
		{CC650E07-87B4-4CB6-AC8C-1A5CB083E4F0} = {CC650E07-87B4-4CB6-AC8C-1A5CB083E4F0}
	EndProjectSection
EndProject
Project("{8BC9CEB8-8B4A-11D0-8D11-00A0C91BC942}") = "libboost_regex", "libboost_regex\libboost_regex.vcproj", "{3D6988C7-58B2-4E1E-8478-97F279165C25}"
EndProject
Project("{8BC9CEB8-8B4A-11D0-8D11-00A0C91BC942}") = "libboost_program_options", "libboost_program_options\libboost_program_options.vcproj", "{FB00B643-69E9-4DD0-B9B0-BC0E80F3F24B}"
EndProject
Global
	GlobalSection(SolutionConfigurationPlatforms) = preSolution
		Debug|Win32 = Debug|Win32
		Release|Win32 = Release|Win32
	EndGlobalSection
	GlobalSection(ProjectConfigurationPlatforms) = postSolution
		{CC650E07-87B4-4CB6-AC8C-1A5CB083E4F0}.Debug|Win32.ActiveCfg = Debug|Win32
		{CC650E07-87B4-4CB6-AC8C-1A5CB083E4F0}.Debug|Win32.Build.0 = Debug|Win32
		{CC650E07-87B4-4CB6-AC8C-1A5CB083E4F0}.Release|Win32.ActiveCfg = Release|Win32
		{CC650E07-87B4-4CB6-AC8C-1A5CB083E4F0}.Release|Win32.Build.0 = Release|Win32
		{1BB1F42F-8F72-425C-842C-155FB3C97AD5}.Debug|Win32.ActiveCfg = Debug|Win32
		{1BB1F42F-8F72-425C-842C-155FB3C97AD5}.Debug|Win32.Build.0 = Debug|Win32
		{1BB1F42F-8F72-425C-842C-155FB3C97AD5}.Release|Win32.ActiveCfg = Release|Win32
		{1BB1F42F-8F72-425C-842C-155FB3C97AD5}.Release|Win32.Build.0 = Release|Win32
		{3D6988C7-58B2-4E1E-8478-97F279165C25}.Debug|Win32.ActiveCfg = Debug|Win32
		{3D6988C7-58B2-4E1E-8478-97F279165C25}.Debug|Win32.Build.0 = Debug|Win32
		{3D6988C7-58B2-4E1E-8478-97F279165C25}.Release|Win32.ActiveCfg = Release|Win32
		{3D6988C7-58B2-4E1E-8478-97F279165C25}.Release|Win32.Build.0 = Release|Win32
		{FB00B643-69E9-4DD0-B9B0-BC0E80F3F24B}.Debug|Win32.ActiveCfg = Debug|Win32
		{FB00B643-69E9-4DD0-B9B0-BC0E80F3F24B}.Debug|Win32.Build.0 = Debug|Win32
		{FB00B643-69E9-4DD0-B9B0-BC0E80F3F24B}.Release|Win32.ActiveCfg = Release|Win32
		{FB00B643-69E9-4DD0-B9B0-BC0E80F3F24B}.Release|Win32.Build.0 = Release|Win32
	EndGlobalSection
	GlobalSection(SolutionProperties) = preSolution
		HideSolutionNode = FALSE
	EndGlobalSection
EndGlobal
